
Microsoft Visual Studio Solution File, Format Version 12.00
# Visual Studio Version 17
VisualStudioVersion = 17.0.31903.59
MinimumVisualStudioVersion = 10.0.40219.1
Project("{2150E333-8FDC-42A3-9474-1A3956D46DE8}") = "src", "src", "{C222A6B3-C264-45BB-92A1-70BF97E1F7B8}"
EndProject
Project("{FAE04EC0-301F-11D3-BF4B-00C04F79EFBC}") = "PasswordManager.Client", "src\PasswordManager.Client\PasswordManager.Client.csproj", "{42289531-A973-4B99-8DC7-445996CF0988}"
EndProject
Project("{FAE04EC0-301F-11D3-BF4B-00C04F79EFBC}") = "PasswordManager.Application", "src\PasswordManager.Application\PasswordManager.Application.csproj", "{E16D4734-192C-4BA3-AA56-6CBC3B42D89D}"
EndProject
Project("{FAE04EC0-301F-11D3-BF4B-00C04F79EFBC}") = "PasswordManager.Infrastructure", "src\PasswordManager.Infrastructure\PasswordManager.Infrastructure.csproj", "{DFE08A66-3D59-4AA6-847D-B81101997642}"
EndProject
Project("{FAE04EC0-301F-11D3-BF4B-00C04F79EFBC}") = "PasswordManager.Domain", "src\PasswordManager.Domain\PasswordManager.Domain.csproj", "{9B39990E-D0DD-474A-B6D1-B9FEE2B51C9E}"
EndProject
Global
	GlobalSection(SolutionConfigurationPlatforms) = preSolution
		Debug|Any CPU = Debug|Any CPU
		Release|Any CPU = Release|Any CPU
	EndGlobalSection
	GlobalSection(SolutionProperties) = preSolution
		HideSolutionNode = FALSE
	EndGlobalSection
	GlobalSection(ProjectConfigurationPlatforms) = postSolution
		{42289531-A973-4B99-8DC7-445996CF0988}.Debug|Any CPU.ActiveCfg = Debug|Any CPU
		{42289531-A973-4B99-8DC7-445996CF0988}.Debug|Any CPU.Build.0 = Debug|Any CPU
		{42289531-A973-4B99-8DC7-445996CF0988}.Release|Any CPU.ActiveCfg = Release|Any CPU
		{42289531-A973-4B99-8DC7-445996CF0988}.Release|Any CPU.Build.0 = Release|Any CPU
		{E16D4734-192C-4BA3-AA56-6CBC3B42D89D}.Debug|Any CPU.ActiveCfg = Debug|Any CPU
		{E16D4734-192C-4BA3-AA56-6CBC3B42D89D}.Debug|Any CPU.Build.0 = Debug|Any CPU
		{E16D4734-192C-4BA3-AA56-6CBC3B42D89D}.Release|Any CPU.ActiveCfg = Release|Any CPU
		{E16D4734-192C-4BA3-AA56-6CBC3B42D89D}.Release|Any CPU.Build.0 = Release|Any CPU
		{DFE08A66-3D59-4AA6-847D-B81101997642}.Debug|Any CPU.ActiveCfg = Debug|Any CPU
		{DFE08A66-3D59-4AA6-847D-B81101997642}.Debug|Any CPU.Build.0 = Debug|Any CPU
		{DFE08A66-3D59-4AA6-847D-B81101997642}.Release|Any CPU.ActiveCfg = Release|Any CPU
		{DFE08A66-3D59-4AA6-847D-B81101997642}.Release|Any CPU.Build.0 = Release|Any CPU
		{9B39990E-D0DD-474A-B6D1-B9FEE2B51C9E}.Debug|Any CPU.ActiveCfg = Debug|Any CPU
		{9B39990E-D0DD-474A-B6D1-B9FEE2B51C9E}.Debug|Any CPU.Build.0 = Debug|Any CPU
		{9B39990E-D0DD-474A-B6D1-B9FEE2B51C9E}.Release|Any CPU.ActiveCfg = Release|Any CPU
		{9B39990E-D0DD-474A-B6D1-B9FEE2B51C9E}.Release|Any CPU.Build.0 = Release|Any CPU
	EndGlobalSection
	GlobalSection(NestedProjects) = preSolution
		{42289531-A973-4B99-8DC7-445996CF0988} = {C222A6B3-C264-45BB-92A1-70BF97E1F7B8}
		{E16D4734-192C-4BA3-AA56-6CBC3B42D89D} = {C222A6B3-C264-45BB-92A1-70BF97E1F7B8}
		{DFE08A66-3D59-4AA6-847D-B81101997642} = {C222A6B3-C264-45BB-92A1-70BF97E1F7B8}
		{9B39990E-D0DD-474A-B6D1-B9FEE2B51C9E} = {C222A6B3-C264-45BB-92A1-70BF97E1F7B8}
	EndGlobalSection
EndGlobal
